
Microsoft Visual Studio Solution File, Format Version 12.00
# Visual Studio Version 16
VisualStudioVersion = 16.0.31313.79
MinimumVisualStudioVersion = 10.0.40219.1
Project("{9A19103F-16F7-4668-BE54-9A1E7A4F7556}") = "SeriouslyFunData", "SeriouslyFunData\SeriouslyFunData.csproj", "{C98DC0FF-1B04-4439-9C3A-FD7D66BD8900}"
EndProject
Project("{2150E333-8FDC-42A3-9474-1A3956D46DE8}") = "Solution Items", "Solution Items", "{5F3C322F-261C-402F-9A4D-5DC42FCB537C}"
	ProjectSection(SolutionItems) = preProject
		.gitignore = .gitignore
	EndProjectSection
EndProject
Global
	GlobalSection(SolutionConfigurationPlatforms) = preSolution
		Debug|Any CPU = Debug|Any CPU
		Release|Any CPU = Release|Any CPU
	EndGlobalSection
	GlobalSection(ProjectConfigurationPlatforms) = postSolution
		{C98DC0FF-1B04-4439-9C3A-FD7D66BD8900}.Debug|Any CPU.ActiveCfg = Debug|Any CPU
		{C98DC0FF-1B04-4439-9C3A-FD7D66BD8900}.Debug|Any CPU.Build.0 = Debug|Any CPU
		{C98DC0FF-1B04-4439-9C3A-FD7D66BD8900}.Release|Any CPU.ActiveCfg = Release|Any CPU
		{C98DC0FF-1B04-4439-9C3A-FD7D66BD8900}.Release|Any CPU.Build.0 = Release|Any CPU
	EndGlobalSection
	GlobalSection(SolutionProperties) = preSolution
		HideSolutionNode = FALSE
	EndGlobalSection
	GlobalSection(ExtensibilityGlobals) = postSolution
		SolutionGuid = {E6888F7E-623E-4A4D-A125-5196227EF838}
	EndGlobalSection
EndGlobal
